// !$*UTF8*$!
{
	archiveVersion = 1;
	classes = {
	};
	objectVersion = 48;
	objects = {

/* Begin PBXBuildFile section */
		16E6DDC41FEB72104ED9C5F7 /* Pods_RaiMoon.framework in Frameworks */ = {isa = PBXBuildFile; fileRef = A61ACE72E921A4DAF87C5030 /* Pods_RaiMoon.framework */; };
		304F00351FF6030100A51ED2 /* AppDelegate.swift in Sources */ = {isa = PBXBuildFile; fileRef = 304F00341FF6030100A51ED2 /* AppDelegate.swift */; };
		304F00391FF6030100A51ED2 /* Assets.xcassets in Resources */ = {isa = PBXBuildFile; fileRef = 304F00381FF6030100A51ED2 /* Assets.xcassets */; };
		304F003C1FF6030100A51ED2 /* Main.storyboard in Resources */ = {isa = PBXBuildFile; fileRef = 304F003A1FF6030100A51ED2 /* Main.storyboard */; };
		32BA0DB02014651C0079DFC8 /* README.md in Resources */ = {isa = PBXBuildFile; fileRef = 32BA0DAF2014651C0079DFC8 /* README.md */; };
/* End PBXBuildFile section */

/* Begin PBXCopyFilesBuildPhase section */
		3020848D1FF60BD300F3EDCB /* Embed Frameworks */ = {
			isa = PBXCopyFilesBuildPhase;
			buildActionMask = 2147483647;
			dstPath = "";
			dstSubfolderSpec = 10;
			files = (
			);
			name = "Embed Frameworks";
			runOnlyForDeploymentPostprocessing = 0;
		};
/* End PBXCopyFilesBuildPhase section */

/* Begin PBXFileReference section */
		304F00311FF6030100A51ED2 /* RaiMoon.app */ = {isa = PBXFileReference; explicitFileType = wrapper.application; includeInIndex = 0; path = RaiMoon.app; sourceTree = BUILT_PRODUCTS_DIR; };
		304F00341FF6030100A51ED2 /* AppDelegate.swift */ = {isa = PBXFileReference; lastKnownFileType = sourcecode.swift; path = AppDelegate.swift; sourceTree = "<group>"; };
		304F00381FF6030100A51ED2 /* Assets.xcassets */ = {isa = PBXFileReference; lastKnownFileType = folder.assetcatalog; path = Assets.xcassets; sourceTree = "<group>"; };
		304F003B1FF6030100A51ED2 /* Base */ = {isa = PBXFileReference; lastKnownFileType = file.storyboard; name = Base; path = Base.lproj/Main.storyboard; sourceTree = "<group>"; };
		304F003D1FF6030100A51ED2 /* Info.plist */ = {isa = PBXFileReference; lastKnownFileType = text.plist.xml; path = Info.plist; sourceTree = "<group>"; };
		304F003E1FF6030100A51ED2 /* RaiMoon.entitlements */ = {isa = PBXFileReference; lastKnownFileType = text.plist.entitlements; path = RaiMoon.entitlements; sourceTree = "<group>"; };
		32BA0DAF2014651C0079DFC8 /* README.md */ = {isa = PBXFileReference; fileEncoding = 4; lastKnownFileType = net.daringfireball.markdown; path = README.md; sourceTree = SOURCE_ROOT; };
		93B68CFE8832533F46D1CE33 /* Pods-RaiMoon.release.xcconfig */ = {isa = PBXFileReference; includeInIndex = 1; lastKnownFileType = text.xcconfig; name = "Pods-RaiMoon.release.xcconfig"; path = "Pods/Target Support Files/Pods-RaiMoon/Pods-RaiMoon.release.xcconfig"; sourceTree = "<group>"; };
		A61ACE72E921A4DAF87C5030 /* Pods_RaiMoon.framework */ = {isa = PBXFileReference; explicitFileType = wrapper.framework; includeInIndex = 0; path = Pods_RaiMoon.framework; sourceTree = BUILT_PRODUCTS_DIR; };
		B67F235E50E0E683D855CF85 /* Pods-RaiMoon.debug.xcconfig */ = {isa = PBXFileReference; includeInIndex = 1; lastKnownFileType = text.xcconfig; name = "Pods-RaiMoon.debug.xcconfig"; path = "Pods/Target Support Files/Pods-RaiMoon/Pods-RaiMoon.debug.xcconfig"; sourceTree = "<group>"; };
/* End PBXFileReference section */

/* Begin PBXFrameworksBuildPhase section */
		304F002E1FF6030100A51ED2 /* Frameworks */ = {
			isa = PBXFrameworksBuildPhase;
			buildActionMask = 2147483647;
			files = (
				16E6DDC41FEB72104ED9C5F7 /* Pods_RaiMoon.framework in Frameworks */,
			);
			runOnlyForDeploymentPostprocessing = 0;
		};
/* End PBXFrameworksBuildPhase section */

/* Begin PBXGroup section */
		1BBF47BF32CB69DB02E1E560 /* Pods */ = {
			isa = PBXGroup;
			children = (
				B67F235E50E0E683D855CF85 /* Pods-RaiMoon.debug.xcconfig */,
				93B68CFE8832533F46D1CE33 /* Pods-RaiMoon.release.xcconfig */,
			);
			name = Pods;
			sourceTree = "<group>";
		};
		304F00281FF6030100A51ED2 = {
			isa = PBXGroup;
			children = (
				304F00331FF6030100A51ED2 /* RaiMoon */,
				304F00321FF6030100A51ED2 /* Products */,
				1BBF47BF32CB69DB02E1E560 /* Pods */,
				49895F91FF257D47A888062A /* Frameworks */,
			);
			sourceTree = "<group>";
		};
		304F00321FF6030100A51ED2 /* Products */ = {
			isa = PBXGroup;
			children = (
				304F00311FF6030100A51ED2 /* RaiMoon.app */,
			);
			name = Products;
			sourceTree = "<group>";
		};
		304F00331FF6030100A51ED2 /* RaiMoon */ = {
			isa = PBXGroup;
			children = (
				304F00341FF6030100A51ED2 /* AppDelegate.swift */,
				304F00381FF6030100A51ED2 /* Assets.xcassets */,
				304F003A1FF6030100A51ED2 /* Main.storyboard */,
				304F003D1FF6030100A51ED2 /* Info.plist */,
				304F003E1FF6030100A51ED2 /* RaiMoon.entitlements */,
				32BA0DAF2014651C0079DFC8 /* README.md */,
			);
			path = RaiMoon;
			sourceTree = "<group>";
		};
		49895F91FF257D47A888062A /* Frameworks */ = {
			isa = PBXGroup;
			children = (
				A61ACE72E921A4DAF87C5030 /* Pods_RaiMoon.framework */,
			);
			name = Frameworks;
			sourceTree = "<group>";
		};
/* End PBXGroup section */

/* Begin PBXNativeTarget section */
		304F00301FF6030100A51ED2 /* RaiMoon */ = {
			isa = PBXNativeTarget;
			buildConfigurationList = 304F00411FF6030100A51ED2 /* Build configuration list for PBXNativeTarget "RaiMoon" */;
			buildPhases = (
				743F572DADC38289C9F87B1A /* [CP] Check Pods Manifest.lock */,
				304F002D1FF6030100A51ED2 /* Sources */,
				304F002E1FF6030100A51ED2 /* Frameworks */,
				304F002F1FF6030100A51ED2 /* Resources */,
				3020848D1FF60BD300F3EDCB /* Embed Frameworks */,
				198EE3188F977DFF91453ABA /* [CP] Embed Pods Frameworks */,
				6C8ADA9216D4EC9DB65D26C6 /* [CP] Copy Pods Resources */,
			);
			buildRules = (
			);
			dependencies = (
			);
			name = RaiMoon;
			productName = RaiMoon;
			productReference = 304F00311FF6030100A51ED2 /* RaiMoon.app */;
			productType = "com.apple.product-type.application";
		};
/* End PBXNativeTarget section */

/* Begin PBXProject section */
		304F00291FF6030100A51ED2 /* Project object */ = {
			isa = PBXProject;
			attributes = {
				LastSwiftUpdateCheck = 0920;
				LastUpgradeCheck = 0920;
				ORGANIZATIONNAME = "Daniel Tatom";
				TargetAttributes = {
					304F00301FF6030100A51ED2 = {
						CreatedOnToolsVersion = 9.2;
						ProvisioningStyle = Automatic;
					};
				};
			};
			buildConfigurationList = 304F002C1FF6030100A51ED2 /* Build configuration list for PBXProject "RaiMoon" */;
			compatibilityVersion = "Xcode 8.0";
			developmentRegion = en;
			hasScannedForEncodings = 0;
			knownRegions = (
				en,
				Base,
			);
			mainGroup = 304F00281FF6030100A51ED2;
			productRefGroup = 304F00321FF6030100A51ED2 /* Products */;
			projectDirPath = "";
			projectRoot = "";
			targets = (
				304F00301FF6030100A51ED2 /* RaiMoon */,
			);
		};
/* End PBXProject section */

/* Begin PBXResourcesBuildPhase section */
		304F002F1FF6030100A51ED2 /* Resources */ = {
			isa = PBXResourcesBuildPhase;
			buildActionMask = 2147483647;
			files = (
				32BA0DB02014651C0079DFC8 /* README.md in Resources */,
				304F00391FF6030100A51ED2 /* Assets.xcassets in Resources */,
				304F003C1FF6030100A51ED2 /* Main.storyboard in Resources */,
			);
			runOnlyForDeploymentPostprocessing = 0;
		};
/* End PBXResourcesBuildPhase section */

/* Begin PBXShellScriptBuildPhase section */
		198EE3188F977DFF91453ABA /* [CP] Embed Pods Frameworks */ = {
			isa = PBXShellScriptBuildPhase;
			buildActionMask = 2147483647;
			files = (
			);
			inputPaths = (
				"${SRCROOT}/Pods/Target Support Files/Pods-RaiMoon/Pods-RaiMoon-frameworks.sh",
				"${BUILT_PRODUCTS_DIR}/Alamofire/Alamofire.framework",
			);
			name = "[CP] Embed Pods Frameworks";
			outputPaths = (
				"${TARGET_BUILD_DIR}/${FRAMEWORKS_FOLDER_PATH}/Alamofire.framework",
			);
			runOnlyForDeploymentPostprocessing = 0;
			shellPath = /bin/sh;
			shellScript = "\"${SRCROOT}/Pods/Target Support Files/Pods-RaiMoon/Pods-RaiMoon-frameworks.sh\"\n";
			showEnvVarsInLog = 0;
		};
		6C8ADA9216D4EC9DB65D26C6 /* [CP] Copy Pods Resources */ = {
			isa = PBXShellScriptBuildPhase;
			buildActionMask = 2147483647;
			files = (
			);
			inputPaths = (
			);
			name = "[CP] Copy Pods Resources";
			outputPaths = (
			);
			runOnlyForDeploymentPostprocessing = 0;
			shellPath = /bin/sh;
			shellScript = "\"${SRCROOT}/Pods/Target Support Files/Pods-RaiMoon/Pods-RaiMoon-resources.sh\"\n";
			showEnvVarsInLog = 0;
		};
		743F572DADC38289C9F87B1A /* [CP] Check Pods Manifest.lock */ = {
			isa = PBXShellScriptBuildPhase;
			buildActionMask = 2147483647;
			files = (
			);
			inputPaths = (
				"${PODS_PODFILE_DIR_PATH}/Podfile.lock",
				"${PODS_ROOT}/Manifest.lock",
			);
			name = "[CP] Check Pods Manifest.lock";
			outputPaths = (
				"$(DERIVED_FILE_DIR)/Pods-RaiMoon-checkManifestLockResult.txt",
			);
			runOnlyForDeploymentPostprocessing = 0;
			shellPath = /bin/sh;
			shellScript = "diff \"${PODS_PODFILE_DIR_PATH}/Podfile.lock\" \"${PODS_ROOT}/Manifest.lock\" > /dev/null\nif [ $? != 0 ] ; then\n    # print error to STDERR\n    echo \"error: The sandbox is not in sync with the Podfile.lock. Run 'pod install' or update your CocoaPods installation.\" >&2\n    exit 1\nfi\n# This output is used by Xcode 'outputs' to avoid re-running this script phase.\necho \"SUCCESS\" > \"${SCRIPT_OUTPUT_FILE_0}\"\n";
			showEnvVarsInLog = 0;
		};
/* End PBXShellScriptBuildPhase section */

/* Begin PBXSourcesBuildPhase section */
		304F002D1FF6030100A51ED2 /* Sources */ = {
			isa = PBXSourcesBuildPhase;
			buildActionMask = 2147483647;
			files = (
				304F00351FF6030100A51ED2 /* AppDelegate.swift in Sources */,
			);
			runOnlyForDeploymentPostprocessing = 0;
		};
/* End PBXSourcesBuildPhase section */

/* Begin PBXVariantGroup section */
		304F003A1FF6030100A51ED2 /* Main.storyboard */ = {
			isa = PBXVariantGroup;
			children = (
				304F003B1FF6030100A51ED2 /* Base */,
			);
			name = Main.storyboard;
			sourceTree = "<group>";
		};
/* End PBXVariantGroup section */

/* Begin XCBuildConfiguration section */
		304F003F1FF6030100A51ED2 /* Debug */ = {
			isa = XCBuildConfiguration;
			buildSettings = {
				ALWAYS_SEARCH_USER_PATHS = NO;
				CLANG_ANALYZER_NONNULL = YES;
				CLANG_ANALYZER_NUMBER_OBJECT_CONVERSION = YES_AGGRESSIVE;
				CLANG_CXX_LANGUAGE_STANDARD = "gnu++14";
				CLANG_CXX_LIBRARY = "libc++";
				CLANG_ENABLE_MODULES = YES;
				CLANG_ENABLE_OBJC_ARC = YES;
				CLANG_WARN_BLOCK_CAPTURE_AUTORELEASING = YES;
				CLANG_WARN_BOOL_CONVERSION = YES;
				CLANG_WARN_COMMA = YES;
				CLANG_WARN_CONSTANT_CONVERSION = YES;
				CLANG_WARN_DIRECT_OBJC_ISA_USAGE = YES_ERROR;
				CLANG_WARN_DOCUMENTATION_COMMENTS = YES;
				CLANG_WARN_EMPTY_BODY = YES;
				CLANG_WARN_ENUM_CONVERSION = YES;
				CLANG_WARN_INFINITE_RECURSION = YES;
				CLANG_WARN_INT_CONVERSION = YES;
				CLANG_WARN_NON_LITERAL_NULL_CONVERSION = YES;
				CLANG_WARN_OBJC_LITERAL_CONVERSION = YES;
				CLANG_WARN_OBJC_ROOT_CLASS = YES_ERROR;
				CLANG_WARN_RANGE_LOOP_ANALYSIS = YES;
				CLANG_WARN_STRICT_PROTOTYPES = YES;
				CLANG_WARN_SUSPICIOUS_MOVE = YES;
				CLANG_WARN_UNGUARDED_AVAILABILITY = YES_AGGRESSIVE;
				CLANG_WARN_UNREACHABLE_CODE = YES;
				CLANG_WARN__DUPLICATE_METHOD_MATCH = YES;
				CODE_SIGN_IDENTITY = "-";
				COPY_PHASE_STRIP = NO;
				DEBUG_INFORMATION_FORMAT = dwarf;
				ENABLE_STRICT_OBJC_MSGSEND = YES;
				ENABLE_TESTABILITY = YES;
				GCC_C_LANGUAGE_STANDARD = gnu11;
				GCC_DYNAMIC_NO_PIC = NO;
				GCC_NO_COMMON_BLOCKS = YES;
				GCC_OPTIMIZATION_LEVEL = 0;
				GCC_PREPROCESSOR_DEFINITIONS = (
					"DEBUG=1",
					"$(inherited)",
				);
				GCC_WARN_64_TO_32_BIT_CONVERSION = YES;
				GCC_WARN_ABOUT_RETURN_TYPE = YES_ERROR;
				GCC_WARN_UNDECLARED_SELECTOR = YES;
				GCC_WARN_UNINITIALIZED_AUTOS = YES_AGGRESSIVE;
				GCC_WARN_UNUSED_FUNCTION = YES;
				GCC_WARN_UNUSED_VARIABLE = YES;
				MACOSX_DEPLOYMENT_TARGET = 10.13;
				MTL_ENABLE_DEBUG_INFO = YES;
				ONLY_ACTIVE_ARCH = YES;
				SDKROOT = macosx;
				SWIFT_ACTIVE_COMPILATION_CONDITIONS = DEBUG;
				SWIFT_OPTIMIZATION_LEVEL = "-Onone";
			};
			name = Debug;
		};
		304F00401FF6030100A51ED2 /* Release */ = {
			isa = XCBuildConfiguration;
			buildSettings = {
				ALWAYS_SEARCH_USER_PATHS = NO;
				CLANG_ANALYZER_NONNULL = YES;
				CLANG_ANALYZER_NUMBER_OBJECT_CONVERSION = YES_AGGRESSIVE;
				CLANG_CXX_LANGUAGE_STANDARD = "gnu++14";
				CLANG_CXX_LIBRARY = "libc++";
				CLANG_ENABLE_MODULES = YES;
				CLANG_ENABLE_OBJC_ARC = YES;
				CLANG_WARN_BLOCK_CAPTURE_AUTORELEASING = YES;
				CLANG_WARN_BOOL_CONVERSION = YES;
				CLANG_WARN_COMMA = YES;
				CLANG_WARN_CONSTANT_CONVERSION = YES;
				CLANG_WARN_DIRECT_OBJC_ISA_USAGE = YES_ERROR;
				CLANG_WARN_DOCUMENTATION_COMMENTS = YES;
				CLANG_WARN_EMPTY_BODY = YES;
				CLANG_WARN_ENUM_CONVERSION = YES;
				CLANG_WARN_INFINITE_RECURSION = YES;
				CLANG_WARN_INT_CONVERSION = YES;
				CLANG_WARN_NON_LITERAL_NULL_CONVERSION = YES;
				CLANG_WARN_OBJC_LITERAL_CONVERSION = YES;
				CLANG_WARN_OBJC_ROOT_CLASS = YES_ERROR;
				CLANG_WARN_RANGE_LOOP_ANALYSIS = YES;
				CLANG_WARN_STRICT_PROTOTYPES = YES;
				CLANG_WARN_SUSPICIOUS_MOVE = YES;
				CLANG_WARN_UNGUARDED_AVAILABILITY = YES_AGGRESSIVE;
				CLANG_WARN_UNREACHABLE_CODE = YES;
				CLANG_WARN__DUPLICATE_METHOD_MATCH = YES;
				CODE_SIGN_IDENTITY = "-";
				COPY_PHASE_STRIP = NO;
				DEBUG_INFORMATION_FORMAT = "dwarf-with-dsym";
				ENABLE_NS_ASSERTIONS = NO;
				ENABLE_STRICT_OBJC_MSGSEND = YES;
				GCC_C_LANGUAGE_STANDARD = gnu11;
				GCC_NO_COMMON_BLOCKS = YES;
				GCC_WARN_64_TO_32_BIT_CONVERSION = YES;
				GCC_WARN_ABOUT_RETURN_TYPE = YES_ERROR;
				GCC_WARN_UNDECLARED_SELECTOR = YES;
				GCC_WARN_UNINITIALIZED_AUTOS = YES_AGGRESSIVE;
				GCC_WARN_UNUSED_FUNCTION = YES;
				GCC_WARN_UNUSED_VARIABLE = YES;
				MACOSX_DEPLOYMENT_TARGET = 10.13;
				MTL_ENABLE_DEBUG_INFO = NO;
				SDKROOT = macosx;
				SWIFT_OPTIMIZATION_LEVEL = "-Owholemodule";
			};
			name = Release;
		};
		304F00421FF6030100A51ED2 /* Debug */ = {
			isa = XCBuildConfiguration;
			baseConfigurationReference = B67F235E50E0E683D855CF85 /* Pods-RaiMoon.debug.xcconfig */;
			buildSettings = {
				ASSETCATALOG_COMPILER_APPICON_NAME = AppIcon;
				CODE_SIGN_ENTITLEMENTS = RaiMoon/RaiMoon.entitlements;
				CODE_SIGN_STYLE = Automatic;
				COMBINE_HIDPI_IMAGES = YES;
				DEVELOPMENT_TEAM = 8AYF758EP8;
				FRAMEWORK_SEARCH_PATHS = (
					"$(inherited)",
					"$(PROJECT_DIR)/Carthage/Build/Mac",
				);
				INFOPLIST_FILE = RaiMoon/Info.plist;
				LD_RUNPATH_SEARCH_PATHS = "$(inherited) @executable_path/../Frameworks";
				PRODUCT_BUNDLE_IDENTIFIER = com.tschenk.RaiMoon;
				PRODUCT_NAME = "$(TARGET_NAME)";
				SWIFT_VERSION = 4.0;
			};
			name = Debug;
		};
		304F00431FF6030100A51ED2 /* Release */ = {
			isa = XCBuildConfiguration;
			baseConfigurationReference = 93B68CFE8832533F46D1CE33 /* Pods-RaiMoon.release.xcconfig */;
			buildSettings = {
				ASSETCATALOG_COMPILER_APPICON_NAME = AppIcon;
				CODE_SIGN_ENTITLEMENTS = RaiMoon/RaiMoon.entitlements;
				CODE_SIGN_STYLE = Automatic;
				COMBINE_HIDPI_IMAGES = YES;
				DEVELOPMENT_TEAM = 8AYF758EP8;
				FRAMEWORK_SEARCH_PATHS = (
					"$(inherited)",
					"$(PROJECT_DIR)/Carthage/Build/Mac",
				);
				INFOPLIST_FILE = RaiMoon/Info.plist;
				LD_RUNPATH_SEARCH_PATHS = "$(inherited) @executable_path/../Frameworks";
				PRODUCT_BUNDLE_IDENTIFIER = com.tschenk.RaiMoon;
				PRODUCT_NAME = "$(TARGET_NAME)";
				SWIFT_VERSION = 4.0;
			};
			name = Release;
		};
/* End XCBuildConfiguration section */

/* Begin XCConfigurationList section */
		304F002C1FF6030100A51ED2 /* Build configuration list for PBXProject "RaiMoon" */ = {
			isa = XCConfigurationList;
			buildConfigurations = (
				304F003F1FF6030100A51ED2 /* Debug */,
				304F00401FF6030100A51ED2 /* Release */,
			);
			defaultConfigurationIsVisible = 0;
			defaultConfigurationName = Release;
		};
		304F00411FF6030100A51ED2 /* Build configuration list for PBXNativeTarget "RaiMoon" */ = {
			isa = XCConfigurationList;
			buildConfigurations = (
				304F00421FF6030100A51ED2 /* Debug */,
				304F00431FF6030100A51ED2 /* Release */,
			);
			defaultConfigurationIsVisible = 0;
			defaultConfigurationName = Release;
		};
/* End XCConfigurationList section */
	};
	rootObject = 304F00291FF6030100A51ED2 /* Project object */;
}
